{
  "requires": true,
  "lockfileVersion": 1,
  "dependencies": {
    "ejs": {
      "version": "2.5.7",
      "resolved": "http://registry.npm.taobao.org/ejs/download/ejs-2.5.7.tgz",
      "integrity": "sha1-zIcsFoiArjxxiXYv1f/ACJbJUYo="
    },
    "mime": {
      "version": "2.0.2",
      "resolved": "http://registry.npm.taobao.org/mime/download/mime-2.0.2.tgz",
      "integrity": "sha1-CX/SyIxlLq5IsnAtfL9UwI2O9Qo="
    }
  }
}
